{
  "lockfile_version": "1",
  "packages": {
    "github:NixOS/nixpkgs/nixpkgs-unstable": {
      "last_modified": "2025-04-17T05:47:26Z",
      "resolved": "github:NixOS/nixpkgs/ebe4301cbd8f81c4f8d3244b3632338bbeb6d49c?lastModified=1744868846&narHash=sha256-5RJTdUHDmj12Qsv7XOhuospjAjATNiTMElplWnJE9Hs%3D"
    },
    "hugo@0.139": {
      "last_modified": "2024-12-23T21:10:33Z",
      "resolved": "github:NixOS/nixpkgs/de1864217bfa9b5845f465e771e0ecb48b30e02d#hugo",
      "source": "devbox-search",
      "version": "0.139.3",
      "systems": {
        "aarch64-darwin": {
          "outputs": [
            {
              "name": "out",
              "path": "/nix/store/imr01q02h8nzj3fg2rlw5p5azx076w8q-hugo-0.139.3",
              "default": true
            }
          ],
          "store_path": "/nix/store/imr01q02h8nzj3fg2rlw5p5azx076w8q-hugo-0.139.3"
        },
        "aarch64-linux": {
          "outputs": [
            {
              "name": "out",
              "path": "/nix/store/cl2hyivd03cqqqbj2bmr0lrm879nfzpl-hugo-0.139.3",
              "default": true
            }
          ],
          "store_path": "/nix/store/cl2hyivd03cqqqbj2bmr0lrm879nfzpl-hugo-0.139.3"
        },
        "x86_64-darwin": {
          "outputs": [
            {
              "name": "out",
              "path": "/nix/store/l2kvhi35byl5v8yqmyc61rsp4qvj2xv7-hugo-0.139.3",
              "default": true
            }
          ],
          "store_path": "/nix/store/l2kvhi35byl5v8yqmyc61rsp4qvj2xv7-hugo-0.139.3"
        },
        "x86_64-linux": {
          "outputs": [
            {
              "name": "out",
              "path": "/nix/store/fw9yfcz5j7swqj9k77yvl9vpmfx1h8ss-hugo-0.139.3",
              "default": true
            }
          ],
          "store_path": "/nix/store/fw9yfcz5j7swqj9k77yvl9vpmfx1h8ss-hugo-0.139.3"
        }
      }
    },
    "nodejs@22": {
      "last_modified": "2025-05-06T08:06:31Z",
      "plugin_version": "0.0.2",
      "resolved": "github:NixOS/nixpkgs/1cb1c02a6b1b7cf67e3d7731cbbf327a53da9679#nodejs_22",
      "source": "devbox-search",
      "version": "22.14.0",
      "systems": {
        "aarch64-darwin": {
          "outputs": [
            {
              "name": "out",
              "path": "/nix/store/2ribxb3gi87gj4331m6k0ydn0z90zfi7-nodejs-22.14.0",
              "default": true
            },
            {
              "name": "dev",
              "path": "/nix/store/zbr4fi11j897pa9jikqpviz57kagvizv-nodejs-22.14.0-dev"
            },
            {
              "name": "libv8",
              "path": "/nix/store/9rp5sb2nb5549qqax4v6ly4glixjm6d5-nodejs-22.14.0-libv8"
            }
          ],
          "store_path": "/nix/store/2ribxb3gi87gj4331m6k0ydn0z90zfi7-nodejs-22.14.0"
        },
        "aarch64-linux": {
          "outputs": [
            {
              "name": "out",
              "path": "/nix/store/8v7hqm22mk2w725sqwqcnym5jznqmn64-nodejs-22.14.0",
              "default": true
            },
            {
              "name": "dev",
              "path": "/nix/store/9hv74w50r20z1f1flnpza0aicz5agg8i-nodejs-22.14.0-dev"
            },
            {
              "name": "libv8",
              "path": "/nix/store/ww17b0kj7zawsa17l2kw5yi6019lddfy-nodejs-22.14.0-libv8"
            }
          ],
          "store_path": "/nix/store/8v7hqm22mk2w725sqwqcnym5jznqmn64-nodejs-22.14.0"
        },
        "x86_64-darwin": {
          "outputs": [
            {
              "name": "out",
              "path": "/nix/store/v0hpyc6r6qdwvydvgybn51jvajxqxz9f-nodejs-22.14.0",
              "default": true
            },
            {
              "name": "dev",
              "path": "/nix/store/ip5m8y2wj2cw44r1gh6yc7718qxsjphp-nodejs-22.14.0-dev"
            },
            {
              "name": "libv8",
              "path": "/nix/store/mmyh4261jrk7i9wylz6pjrp1rllvpfvs-nodejs-22.14.0-libv8"
            }
          ],
          "store_path": "/nix/store/v0hpyc6r6qdwvydvgybn51jvajxqxz9f-nodejs-22.14.0"
        },
        "x86_64-linux": {
          "outputs": [
            {
              "name": "out",
              "path": "/nix/store/50lhzpd68v47x6jy0b8b3p91n2zv3lv4-nodejs-22.14.0",
              "default": true
            },
            {
              "name": "dev",
              "path": "/nix/store/sbqvdlpp1zp6fdr3cb0mqyprjbcf2ihn-nodejs-22.14.0-dev"
            },
            {
              "name": "libv8",
              "path": "/nix/store/ianbd6y7fbm32073q239zdxlcmjwvm57-nodejs-22.14.0-libv8"
            }
          ],
          "store_path": "/nix/store/50lhzpd68v47x6jy0b8b3p91n2zv3lv4-nodejs-22.14.0"
        }
      }
    }
  }
}
