{
  "lockfile_version": "1",
  "packages": {
    "github:NixOS/nixpkgs/nixpkgs-unstable": {
      "last_modified": "2025-07-06T07:15:37Z",
      "resolved": "github:NixOS/nixpkgs/ceb24d94c6feaa4e8737a8e2bd3cf71c3a7eaaa0?lastModified=1751786137&narHash=sha256-lIlUKVGCGsh0Q2EA7%2F6xRtKUZjaQ%2Fur8uUyY%2BMynHXQ%3D"
    },
    "htmltest@latest": {
      "last_modified": "2025-06-20T02:24:11Z",
      "resolved": "github:NixOS/nixpkgs/076e8c6678d8c54204abcb4b1b14c366835a58bb#htmltest",
      "source": "devbox-search",
      "version": "0.17.0",
      "systems": {
        "aarch64-darwin": {
          "outputs": [
            {
              "name": "out",
              "path": "/nix/store/vxk9rs8m55397dxn677d8nmvfps1gmmq-htmltest-0.17.0",
              "default": true
            }
          ],
          "store_path": "/nix/store/vxk9rs8m55397dxn677d8nmvfps1gmmq-htmltest-0.17.0"
        },
        "aarch64-linux": {
          "outputs": [
            {
              "name": "out",
              "path": "/nix/store/kjf7hcvkn9a5y026r45j95mlyyk1z9gi-htmltest-0.17.0",
              "default": true
            }
          ],
          "store_path": "/nix/store/kjf7hcvkn9a5y026r45j95mlyyk1z9gi-htmltest-0.17.0"
        },
        "x86_64-darwin": {
          "outputs": [
            {
              "name": "out",
              "path": "/nix/store/s9cl8k409jjaj30hyb9rrsjqv2rbhahm-htmltest-0.17.0",
              "default": true
            }
          ],
          "store_path": "/nix/store/s9cl8k409jjaj30hyb9rrsjqv2rbhahm-htmltest-0.17.0"
        },
        "x86_64-linux": {
          "outputs": [
            {
              "name": "out",
              "path": "/nix/store/5mdcdk0y0qjr9jly6ksviw6mvyqi9xqv-htmltest-0.17.0",
              "default": true
            }
          ],
          "store_path": "/nix/store/5mdcdk0y0qjr9jly6ksviw6mvyqi9xqv-htmltest-0.17.0"
        }
      }
    },
    "hugo@0.139": {
      "last_modified": "2024-12-23T21:10:33Z",
      "resolved": "github:NixOS/nixpkgs/de1864217bfa9b5845f465e771e0ecb48b30e02d#hugo",
      "source": "devbox-search",
      "version": "0.139.3",
      "systems": {
        "aarch64-darwin": {
          "outputs": [
            {
              "name": "out",
              "path": "/nix/store/imr01q02h8nzj3fg2rlw5p5azx076w8q-hugo-0.139.3",
              "default": true
            }
          ],
          "store_path": "/nix/store/imr01q02h8nzj3fg2rlw5p5azx076w8q-hugo-0.139.3"
        },
        "aarch64-linux": {
          "outputs": [
            {
              "name": "out",
              "path": "/nix/store/cl2hyivd03cqqqbj2bmr0lrm879nfzpl-hugo-0.139.3",
              "default": true
            }
          ],
          "store_path": "/nix/store/cl2hyivd03cqqqbj2bmr0lrm879nfzpl-hugo-0.139.3"
        },
        "x86_64-darwin": {
          "outputs": [
            {
              "name": "out",
              "path": "/nix/store/l2kvhi35byl5v8yqmyc61rsp4qvj2xv7-hugo-0.139.3",
              "default": true
            }
          ],
          "store_path": "/nix/store/l2kvhi35byl5v8yqmyc61rsp4qvj2xv7-hugo-0.139.3"
        },
        "x86_64-linux": {
          "outputs": [
            {
              "name": "out",
              "path": "/nix/store/fw9yfcz5j7swqj9k77yvl9vpmfx1h8ss-hugo-0.139.3",
              "default": true
            }
          ],
          "store_path": "/nix/store/fw9yfcz5j7swqj9k77yvl9vpmfx1h8ss-hugo-0.139.3"
        }
      }
    },
    "nodejs@22": {
      "last_modified": "2025-06-06T01:46:53Z",
      "plugin_version": "0.0.2",
      "resolved": "github:NixOS/nixpkgs/6ad174a6dc07c7742fc64005265addf87ad08615#nodejs_22",
      "source": "devbox-search",
      "version": "22.14.0",
      "systems": {
        "aarch64-darwin": {
          "outputs": [
            {
              "name": "out",
              "path": "/nix/store/g5bv4gi6p7ryhs2hbaryxs6ivsxa6lqc-nodejs-22.14.0",
              "default": true
            },
            {
              "name": "dev",
              "path": "/nix/store/96vpirdcns8zxdwzwl7n804012lwrf1n-nodejs-22.14.0-dev"
            },
            {
              "name": "libv8",
              "path": "/nix/store/xph2837xqjnra80mqlk64xp7vb3kkqxs-nodejs-22.14.0-libv8"
            }
          ],
          "store_path": "/nix/store/g5bv4gi6p7ryhs2hbaryxs6ivsxa6lqc-nodejs-22.14.0"
        },
        "aarch64-linux": {
          "outputs": [
            {
              "name": "out",
              "path": "/nix/store/cwb781xbp70f72njqh8vhvbsf1xq87i5-nodejs-22.14.0",
              "default": true
            },
            {
              "name": "dev",
              "path": "/nix/store/0w5mql46am2qai707a42q983l44l1h9z-nodejs-22.14.0-dev"
            },
            {
              "name": "libv8",
              "path": "/nix/store/vy56lahz381ayvw3hym3wj4r4ggv7gbk-nodejs-22.14.0-libv8"
            }
          ],
          "store_path": "/nix/store/cwb781xbp70f72njqh8vhvbsf1xq87i5-nodejs-22.14.0"
        },
        "x86_64-darwin": {
          "outputs": [
            {
              "name": "out",
              "path": "/nix/store/086zjv14ipka2vbpgwil3xyvi5ml4vh3-nodejs-22.14.0",
              "default": true
            },
            {
              "name": "dev",
              "path": "/nix/store/24n01nfvy908pwzwpgsl0k4227187i7i-nodejs-22.14.0-dev"
            },
            {
              "name": "libv8",
              "path": "/nix/store/jiwk0in1wk85crn9vp03gg937gbh1s0w-nodejs-22.14.0-libv8"
            }
          ],
          "store_path": "/nix/store/086zjv14ipka2vbpgwil3xyvi5ml4vh3-nodejs-22.14.0"
        },
        "x86_64-linux": {
          "outputs": [
            {
              "name": "out",
              "path": "/nix/store/c8jxsih8yy2rnncdmx2hyraizf689nvp-nodejs-22.14.0",
              "default": true
            },
            {
              "name": "libv8",
              "path": "/nix/store/s8gnrgh9hgnbkrc1wrn21d6zvkbvm9vi-nodejs-22.14.0-libv8"
            },
            {
              "name": "dev",
              "path": "/nix/store/xw8c1c0inxq3xl1d7axz19vq8c05kjk5-nodejs-22.14.0-dev"
            }
          ],
          "store_path": "/nix/store/c8jxsih8yy2rnncdmx2hyraizf689nvp-nodejs-22.14.0"
        }
      }
    }
  }
}
