{
  "name": "cspell",
  "lockfileVersion": 3,
  "requires": true,
  "packages": {
    "": {
      "devDependencies": {
        "@cspell/dict-en-gb": "^5.0.30",
        "@cspell/dict-medicalterms": "^4.1.8",
        "@cspell/dict-people-names": "^1.1.16",
        "@cspell/dict-software-terms": "^5.3.0",
        "@cspell/dict-sv": "^2.3.2"
      }
    },
    "node_modules/@cspell/dict-en-gb": {
      "version": "5.0.30",
      "resolved": "https://registry.npmjs.org/@cspell/dict-en-gb/-/dict-en-gb-5.0.30.tgz",
      "integrity": "sha512-WYpGgnCzoghOkr0Q3MB56D0nAxG05caDghU+3POpA5ZTP+5DKjxUrImtdcdE1ekcL1fgI1GaHsKNe8kwTVWK5Q==",
      "dev": true,
      "license": "LGPL-3.0"
    },
    "node_modules/@cspell/dict-medicalterms": {
      "version": "4.1.8",
      "resolved": "https://registry.npmjs.org/@cspell/dict-medicalterms/-/dict-medicalterms-4.1.8.tgz",
      "integrity": "sha512-MRA/6/KXoAena85lXrv++d0FRZ/j7uqqVQOvjiXfOoLRsChBrJrRAFvx9IRFoXM4uja67sg5QAqzFzzlg3B9gg==",
      "dev": true,
      "license": "GPL-3.0-or-later"
    },
    "node_modules/@cspell/dict-people-names": {
      "version": "1.1.16",
      "resolved": "https://registry.npmjs.org/@cspell/dict-people-names/-/dict-people-names-1.1.16.tgz",
      "integrity": "sha512-jiV+V32DVdaMqpznnqqNNMNaKFtyaHnZvak7HrVLWulGgobilQk+8NzFO9mtkyDs7Pde7CEGSExBAvc+xZxgeA==",
      "dev": true,
      "license": "MIT"
    },
    "node_modules/@cspell/dict-software-terms": {
      "version": "5.3.0",
      "resolved": "https://registry.npmjs.org/@cspell/dict-software-terms/-/dict-software-terms-5.3.0.tgz",
      "integrity": "sha512-HEMvFWeItTA5A/MFxrH5fpOz9DU7ormXaGp1PJPsd0jt+qqaYNpevGIgTfIhfp/hsabPyAGa51N/DeDT0ZMg2Q==",
      "dev": true,
      "license": "MIT"
    },
    "node_modules/@cspell/dict-sv": {
      "version": "2.3.2",
      "resolved": "https://registry.npmjs.org/@cspell/dict-sv/-/dict-sv-2.3.2.tgz",
      "integrity": "sha512-Es+nEM6v2JXk05SPBFgOEvlrHh5SIoqM2t2gET8BjvCsMBdpCcIREEOiESfX/8Rc2OiiTZXYCXhwa5WjsPmVMQ==",
      "dev": true,
      "license": "GPL-3.0-or-later"
    }
  }
}
